Microsoft Visual Studio Solution File, Format Version 12.00
# Visual Studio 16
VisualStudioVersion = 16.0.29920.165
MinimumVisualStudioVersion = 10.0.40219.1
Project("{2150E333-8FDC-42A3-9474-1A3956D46DE8}") = "src", "src", "{CFC1B42A-2604-4030-BD28-7706B47C6365}"
EndProject
Project("{2150E333-8FDC-42A3-9474-1A3956D46DE8}") = "test", "test", "{60C5F34E-58CA-43A7-AFAF-57F20755E996}"
EndProject
Project("{9A19103F-16F7-4668-BE54-9A1E7A4F7556}") = "{Namespace}.Web", "src\{Namespace}.Web\{Namespace}.Web.csproj", "{WebProjectGuid}"
EndProject
Project("{9A19103F-16F7-4668-BE54-9A1E7A4F7556}") = "{Namespace}.Data", "src\{Namespace}.Data\{Namespace}.Data.csproj", "{DataProjectGuid}"
EndProject
Project("{9A19103F-16F7-4668-BE54-9A1E7A4F7556}") = "{Namespace}.Tests", "tests\{Namespace}.Tests\{Namespace}.Tests.csproj", "{TestsProjectGuid}"
EndProject
Project("{9A19103F-16F7-4668-BE54-9A1E7A4F7556}") = "{Namespace}.Core", "src\{Namespace}.Core\{Namespace}.Core.csproj", "{CoreProjectGuid}"
EndProject
Global
	GlobalSection(SolutionConfigurationPlatforms) = preSolution
		Debug|Any CPU = Debug|Any CPU
		Release|Any CPU = Release|Any CPU
	EndGlobalSection
	GlobalSection(ProjectConfigurationPlatforms) = postSolution
		{WebProjectGuid}.Debug|Any CPU.ActiveCfg = Debug|Any CPU
		{WebProjectGuid}.Debug|Any CPU.Build.0 = Debug|Any CPU
		{WebProjectGuid}.Release|Any CPU.ActiveCfg = Release|Any CPU
		{WebProjectGuid}.Release|Any CPU.Build.0 = Release|Any CPU
		{DataProjectGuid}.Debug|Any CPU.ActiveCfg = Debug|Any CPU
		{DataProjectGuid}.Debug|Any CPU.Build.0 = Debug|Any CPU
		{DataProjectGuid}.Release|Any CPU.ActiveCfg = Release|Any CPU
		{DataProjectGuid}.Release|Any CPU.Build.0 = Release|Any CPU
		{TestsProjectGuid}.Debug|Any CPU.ActiveCfg = Debug|Any CPU
		{TestsProjectGuid}.Debug|Any CPU.Build.0 = Debug|Any CPU
		{TestsProjectGuid}.Release|Any CPU.ActiveCfg = Release|Any CPU
		{TestsProjectGuid}.Release|Any CPU.Build.0 = Release|Any CPU
		{CoreProjectGuid}.Debug|Any CPU.ActiveCfg = Debug|Any CPU
		{CoreProjectGuid}.Debug|Any CPU.Build.0 = Debug|Any CPU
		{CoreProjectGuid}.Release|Any CPU.ActiveCfg = Release|Any CPU
		{CoreProjectGuid}.Release|Any CPU.Build.0 = Release|Any CPU
	EndGlobalSection
	GlobalSection(SolutionProperties) = preSolution
		HideSolutionNode = FALSE
	EndGlobalSection
    GlobalSection(NestedProjects) = preSolution
		{WebProjectGuid} = {CFC1B42A-2604-4030-BD28-7706B47C6365}
		{DataProjectGuid} = {CFC1B42A-2604-4030-BD28-7706B47C6365}
		{CoreProjectGuid} = {CFC1B42A-2604-4030-BD28-7706B47C6365}
		{TestsProjectGuid} = {60C5F34E-58CA-43A7-AFAF-57F20755E996}
	EndGlobalSection
	GlobalSection(ExtensibilityGlobals) = postSolution
		SolutionGuid = {SolutionGuid}
	EndGlobalSection
EndGlobal
